
Microsoft Visual Studio Solution File, Format Version 12.00
# Visual Studio Version 16
VisualStudioVersion = 16.0.30517.126
MinimumVisualStudioVersion = 10.0.40219.1
Project("{FAE04EC0-301F-11D3-BF4B-00C04F79EFBC}") = "projeto-escola", "projeto-escola\projeto-escola.csproj", "{FE8F4282-7DE2-4EB3-AEA3-4408EFF6BD3A}"
EndProject
Global
	GlobalSection(SolutionConfigurationPlatforms) = preSolution
		Debug|Any CPU = Debug|Any CPU
		Release|Any CPU = Release|Any CPU
	EndGlobalSection
	GlobalSection(ProjectConfigurationPlatforms) = postSolution
		{FE8F4282-7DE2-4EB3-AEA3-4408EFF6BD3A}.Debug|Any CPU.ActiveCfg = Debug|Any CPU
		{FE8F4282-7DE2-4EB3-AEA3-4408EFF6BD3A}.Debug|Any CPU.Build.0 = Debug|Any CPU
		{FE8F4282-7DE2-4EB3-AEA3-4408EFF6BD3A}.Release|Any CPU.ActiveCfg = Release|Any CPU
		{FE8F4282-7DE2-4EB3-AEA3-4408EFF6BD3A}.Release|Any CPU.Build.0 = Release|Any CPU
	EndGlobalSection
	GlobalSection(SolutionProperties) = preSolution
		HideSolutionNode = FALSE
	EndGlobalSection
	GlobalSection(ExtensibilityGlobals) = postSolution
		SolutionGuid = {76B222DE-1BC9-48ED-8191-01BF9DCA5305}
	EndGlobalSection
EndGlobal
